// !$*UTF8*$!
{
	archiveVersion = 1;
	classes = {
	};
	objectVersion = 56;
	objects = {

/* Begin PBXBuildFile section */
		0F33E9E72AC6129B00BFE95B /* AppDelegate.swift in Sources */ = {isa = PBXBuildFile; fileRef = 0F33E9E62AC6129B00BFE95B /* AppDelegate.swift */; };
		0F33E9E92AC6129B00BFE95B /* SceneDelegate.swift in Sources */ = {isa = PBXBuildFile; fileRef = 0F33E9E82AC6129B00BFE95B /* SceneDelegate.swift */; };
		0F33E9EB2AC6129B00BFE95B /* Anasayfa.swift in Sources */ = {isa = PBXBuildFile; fileRef = 0F33E9EA2AC6129B00BFE95B /* Anasayfa.swift */; };
		0F33E9EE2AC6129B00BFE95B /* Main.storyboard in Resources */ = {isa = PBXBuildFile; fileRef = 0F33E9EC2AC6129B00BFE95B /* Main.storyboard */; };
		0F33E9F02AC6129C00BFE95B /* Assets.xcassets in Resources */ = {isa = PBXBuildFile; fileRef = 0F33E9EF2AC6129C00BFE95B /* Assets.xcassets */; };
		0F33E9F32AC6129C00BFE95B /* LaunchScreen.storyboard in Resources */ = {isa = PBXBuildFile; fileRef = 0F33E9F12AC6129C00BFE95B /* LaunchScreen.storyboard */; };
		0F33EA002AC615D200BFE95B /* YapilacakIsDetay.swift in Sources */ = {isa = PBXBuildFile; fileRef = 0F33E9FF2AC615D200BFE95B /* YapilacakIsDetay.swift */; };
		0F33EA042AC6169E00BFE95B /* ToDoCell.swift in Sources */ = {isa = PBXBuildFile; fileRef = 0F33EA032AC6169E00BFE95B /* ToDoCell.swift */; };
		0F33EA132AC6190100BFE95B /* FMDatabasePool.m in Sources */ = {isa = PBXBuildFile; fileRef = 0F33EA082AC6190100BFE95B /* FMDatabasePool.m */; };
		0F33EA142AC6190100BFE95B /* FMDatabase.m in Sources */ = {isa = PBXBuildFile; fileRef = 0F33EA0B2AC6190100BFE95B /* FMDatabase.m */; };
		0F33EA152AC6190100BFE95B /* FMResultSet.m in Sources */ = {isa = PBXBuildFile; fileRef = 0F33EA0E2AC6190100BFE95B /* FMResultSet.m */; };
		0F33EA162AC6190100BFE95B /* FMDatabaseAdditions.m in Sources */ = {isa = PBXBuildFile; fileRef = 0F33EA0F2AC6190100BFE95B /* FMDatabaseAdditions.m */; };
		0F33EA172AC6190100BFE95B /* FMDatabaseQueue.m in Sources */ = {isa = PBXBuildFile; fileRef = 0F33EA102AC6190100BFE95B /* FMDatabaseQueue.m */; };
		0F33EA192AC6196D00BFE95B /* ToDosModel.swift in Sources */ = {isa = PBXBuildFile; fileRef = 0F33EA182AC6196D00BFE95B /* ToDosModel.swift */; };
		0F33EA1D2AC619FB00BFE95B /* ToDosDaoRepository.swift in Sources */ = {isa = PBXBuildFile; fileRef = 0F33EA1C2AC619FB00BFE95B /* ToDosDaoRepository.swift */; };
		0F33EA1F2AC61A3100BFE95B /* toDosApp.db in Resources */ = {isa = PBXBuildFile; fileRef = 0F33EA1E2AC61A3100BFE95B /* toDosApp.db */; };
		0F33EA222AC61BBF00BFE95B /* RxSwift in Frameworks */ = {isa = PBXBuildFile; productRef = 0F33EA212AC61BBF00BFE95B /* RxSwift */; };
		0F33EA262AC61CF100BFE95B /* AnasayfaViewModel.swift in Sources */ = {isa = PBXBuildFile; fileRef = 0F33EA252AC61CF100BFE95B /* AnasayfaViewModel.swift */; };
		0F33EA282AC61EBC00BFE95B /* YapilacakIsKayit.swift in Sources */ = {isa = PBXBuildFile; fileRef = 0F33EA272AC61EBC00BFE95B /* YapilacakIsKayit.swift */; };
		0F33EA2A2AC61FA500BFE95B /* ToDosIsDetayViewModel.swift in Sources */ = {isa = PBXBuildFile; fileRef = 0F33EA292AC61FA500BFE95B /* ToDosIsDetayViewModel.swift */; };
		0F33EA2C2AC620F900BFE95B /* ToDosKayitViewModel.swift in Sources */ = {isa = PBXBuildFile; fileRef = 0F33EA2B2AC620F900BFE95B /* ToDosKayitViewModel.swift */; };
/* End PBXBuildFile section */

/* Begin PBXFileReference section */
		0F33E9E32AC6129B00BFE95B /* ToDoApp.app */ = {isa = PBXFileReference; explicitFileType = wrapper.application; includeInIndex = 0; path = ToDoApp.app; sourceTree = BUILT_PRODUCTS_DIR; };
		0F33E9E62AC6129B00BFE95B /* AppDelegate.swift */ = {isa = PBXFileReference; lastKnownFileType = sourcecode.swift; path = AppDelegate.swift; sourceTree = "<group>"; };
		0F33E9E82AC6129B00BFE95B /* SceneDelegate.swift */ = {isa = PBXFileReference; lastKnownFileType = sourcecode.swift; path = SceneDelegate.swift; sourceTree = "<group>"; };
		0F33E9EA2AC6129B00BFE95B /* Anasayfa.swift */ = {isa = PBXFileReference; lastKnownFileType = sourcecode.swift; path = Anasayfa.swift; sourceTree = "<group>"; };
		0F33E9ED2AC6129B00BFE95B /* Base */ = {isa = PBXFileReference; lastKnownFileType = file.storyboard; name = Base; path = Base.lproj/Main.storyboard; sourceTree = "<group>"; };
		0F33E9EF2AC6129C00BFE95B /* Assets.xcassets */ = {isa = PBXFileReference; lastKnownFileType = folder.assetcatalog; path = Assets.xcassets; sourceTree = "<group>"; };
		0F33E9F22AC6129C00BFE95B /* Base */ = {isa = PBXFileReference; lastKnownFileType = file.storyboard; name = Base; path = Base.lproj/LaunchScreen.storyboard; sourceTree = "<group>"; };
		0F33E9F42AC6129C00BFE95B /* Info.plist */ = {isa = PBXFileReference; lastKnownFileType = text.plist.xml; path = Info.plist; sourceTree = "<group>"; };
		0F33E9FF2AC615D200BFE95B /* YapilacakIsDetay.swift */ = {isa = PBXFileReference; lastKnownFileType = sourcecode.swift; path = YapilacakIsDetay.swift; sourceTree = "<group>"; };
		0F33EA032AC6169E00BFE95B /* ToDoCell.swift */ = {isa = PBXFileReference; lastKnownFileType = sourcecode.swift; path = ToDoCell.swift; sourceTree = "<group>"; };
		0F33EA062AC618F100BFE95B /* libsqlite3.tbd */ = {isa = PBXFileReference; lastKnownFileType = "sourcecode.text-based-dylib-definition"; name = libsqlite3.tbd; path = usr/lib/libsqlite3.tbd; sourceTree = SDKROOT; };
		0F33EA072AC6190000BFE95B /* ToDoApp-Bridging-Header.h */ = {isa = PBXFileReference; lastKnownFileType = sourcecode.c.h; path = "ToDoApp-Bridging-Header.h"; sourceTree = "<group>"; };
		0F33EA082AC6190100BFE95B /* FMDatabasePool.m */ = {isa = PBXFileReference; fileEncoding = 4; lastKnownFileType = sourcecode.c.objc; path = FMDatabasePool.m; sourceTree = "<group>"; };
		0F33EA092AC6190100BFE95B /* FMDB.h */ = {isa = PBXFileReference; fileEncoding = 4; lastKnownFileType = sourcecode.c.h; path = FMDB.h; sourceTree = "<group>"; };
		0F33EA0A2AC6190100BFE95B /* FMResultSet.h */ = {isa = PBXFileReference; fileEncoding = 4; lastKnownFileType = sourcecode.c.h; path = FMResultSet.h; sourceTree = "<group>"; };
		0F33EA0B2AC6190100BFE95B /* FMDatabase.m */ = {isa = PBXFileReference; fileEncoding = 4; lastKnownFileType = sourcecode.c.objc; path = FMDatabase.m; sourceTree = "<group>"; };
		0F33EA0C2AC6190100BFE95B /* FMDatabasePool.h */ = {isa = PBXFileReference; fileEncoding = 4; lastKnownFileType = sourcecode.c.h; path = FMDatabasePool.h; sourceTree = "<group>"; };
		0F33EA0D2AC6190100BFE95B /* FMDatabaseQueue.h */ = {isa = PBXFileReference; fileEncoding = 4; lastKnownFileType = sourcecode.c.h; path = FMDatabaseQueue.h; sourceTree = "<group>"; };
		0F33EA0E2AC6190100BFE95B /* FMResultSet.m */ = {isa = PBXFileReference; fileEncoding = 4; lastKnownFileType = sourcecode.c.objc; path = FMResultSet.m; sourceTree = "<group>"; };
		0F33EA0F2AC6190100BFE95B /* FMDatabaseAdditions.m */ = {isa = PBXFileReference; fileEncoding = 4; lastKnownFileType = sourcecode.c.objc; path = FMDatabaseAdditions.m; sourceTree = "<group>"; };
		0F33EA102AC6190100BFE95B /* FMDatabaseQueue.m */ = {isa = PBXFileReference; fileEncoding = 4; lastKnownFileType = sourcecode.c.objc; path = FMDatabaseQueue.m; sourceTree = "<group>"; };
		0F33EA112AC6190100BFE95B /* FMDatabaseAdditions.h */ = {isa = PBXFileReference; fileEncoding = 4; lastKnownFileType = sourcecode.c.h; path = FMDatabaseAdditions.h; sourceTree = "<group>"; };
		0F33EA122AC6190100BFE95B /* FMDatabase.h */ = {isa = PBXFileReference; fileEncoding = 4; lastKnownFileType = sourcecode.c.h; path = FMDatabase.h; sourceTree = "<group>"; };
		0F33EA182AC6196D00BFE95B /* ToDosModel.swift */ = {isa = PBXFileReference; lastKnownFileType = sourcecode.swift; path = ToDosModel.swift; sourceTree = "<group>"; };
		0F33EA1C2AC619FB00BFE95B /* ToDosDaoRepository.swift */ = {isa = PBXFileReference; lastKnownFileType = sourcecode.swift; path = ToDosDaoRepository.swift; sourceTree = "<group>"; };
		0F33EA1E2AC61A3100BFE95B /* toDosApp.db */ = {isa = PBXFileReference; lastKnownFileType = file; path = toDosApp.db; sourceTree = "<group>"; };
		0F33EA252AC61CF100BFE95B /* AnasayfaViewModel.swift */ = {isa = PBXFileReference; lastKnownFileType = sourcecode.swift; path = AnasayfaViewModel.swift; sourceTree = "<group>"; };
		0F33EA272AC61EBC00BFE95B /* YapilacakIsKayit.swift */ = {isa = PBXFileReference; lastKnownFileType = sourcecode.swift; path = YapilacakIsKayit.swift; sourceTree = "<group>"; };
		0F33EA292AC61FA500BFE95B /* ToDosIsDetayViewModel.swift */ = {isa = PBXFileReference; lastKnownFileType = sourcecode.swift; path = ToDosIsDetayViewModel.swift; sourceTree = "<group>"; };
		0F33EA2B2AC620F900BFE95B /* ToDosKayitViewModel.swift */ = {isa = PBXFileReference; lastKnownFileType = sourcecode.swift; path = ToDosKayitViewModel.swift; sourceTree = "<group>"; };
/* End PBXFileReference section */

/* Begin PBXFrameworksBuildPhase section */
		0F33E9E02AC6129B00BFE95B /* Frameworks */ = {
			isa = PBXFrameworksBuildPhase;
			buildActionMask = 2147483647;
			files = (
				0F33EA222AC61BBF00BFE95B /* RxSwift in Frameworks */,
			);
			runOnlyForDeploymentPostprocessing = 0;
		};
/* End PBXFrameworksBuildPhase section */

/* Begin PBXGroup section */
		0F33E9DA2AC6129B00BFE95B = {
			isa = PBXGroup;
			children = (
				0F33E9E52AC6129B00BFE95B /* ToDoApp */,
				0F33E9E42AC6129B00BFE95B /* Products */,
				0F33EA052AC618F100BFE95B /* Frameworks */,
			);
			sourceTree = "<group>";
		};
		0F33E9E42AC6129B00BFE95B /* Products */ = {
			isa = PBXGroup;
			children = (
				0F33E9E32AC6129B00BFE95B /* ToDoApp.app */,
			);
			name = Products;
			sourceTree = "<group>";
		};
		0F33E9E52AC6129B00BFE95B /* ToDoApp */ = {
			isa = PBXGroup;
			children = (
				0F33E9FB2AC6157500BFE95B /* data */,
				0F33E9FA2AC6156E00BFE95B /* ui */,
				0F33E9EC2AC6129B00BFE95B /* Main.storyboard */,
				0F33E9EF2AC6129C00BFE95B /* Assets.xcassets */,
				0F33E9F12AC6129C00BFE95B /* LaunchScreen.storyboard */,
				0F33E9F42AC6129C00BFE95B /* Info.plist */,
				0F33EA1E2AC61A3100BFE95B /* toDosApp.db */,
				0F33EA122AC6190100BFE95B /* FMDatabase.h */,
				0F33EA0B2AC6190100BFE95B /* FMDatabase.m */,
				0F33EA112AC6190100BFE95B /* FMDatabaseAdditions.h */,
				0F33EA0F2AC6190100BFE95B /* FMDatabaseAdditions.m */,
				0F33EA0C2AC6190100BFE95B /* FMDatabasePool.h */,
				0F33EA082AC6190100BFE95B /* FMDatabasePool.m */,
				0F33EA0D2AC6190100BFE95B /* FMDatabaseQueue.h */,
				0F33EA102AC6190100BFE95B /* FMDatabaseQueue.m */,
				0F33EA092AC6190100BFE95B /* FMDB.h */,
				0F33EA0A2AC6190100BFE95B /* FMResultSet.h */,
				0F33EA0E2AC6190100BFE95B /* FMResultSet.m */,
				0F33EA072AC6190000BFE95B /* ToDoApp-Bridging-Header.h */,
			);
			path = ToDoApp;
			sourceTree = "<group>";
		};
		0F33E9FA2AC6156E00BFE95B /* ui */ = {
			isa = PBXGroup;
			children = (
				0F33E9FE2AC615A900BFE95B /* ViewModel */,
				0F33E9FD2AC6159E00BFE95B /* Views */,
				0F33E9FC2AC6158B00BFE95B /* tableViewCell */,
			);
			path = ui;
			sourceTree = "<group>";
		};
		0F33E9FB2AC6157500BFE95B /* data */ = {
			isa = PBXGroup;
			children = (
				0F33EA1B2AC619E400BFE95B /* repo */,
				0F33EA1A2AC6197300BFE95B /* Entity */,
			);
			path = data;
			sourceTree = "<group>";
		};
		0F33E9FC2AC6158B00BFE95B /* tableViewCell */ = {
			isa = PBXGroup;
			children = (
				0F33EA032AC6169E00BFE95B /* ToDoCell.swift */,
			);
			path = tableViewCell;
			sourceTree = "<group>";
		};
		0F33E9FD2AC6159E00BFE95B /* Views */ = {
			isa = PBXGroup;
			children = (
				0F33E9E62AC6129B00BFE95B /* AppDelegate.swift */,
				0F33E9E82AC6129B00BFE95B /* SceneDelegate.swift */,
				0F33E9EA2AC6129B00BFE95B /* Anasayfa.swift */,
				0F33E9FF2AC615D200BFE95B /* YapilacakIsDetay.swift */,
				0F33EA272AC61EBC00BFE95B /* YapilacakIsKayit.swift */,
			);
			path = Views;
			sourceTree = "<group>";
		};
		0F33E9FE2AC615A900BFE95B /* ViewModel */ = {
			isa = PBXGroup;
			children = (
				0F33EA252AC61CF100BFE95B /* AnasayfaViewModel.swift */,
				0F33EA292AC61FA500BFE95B /* ToDosIsDetayViewModel.swift */,
				0F33EA2B2AC620F900BFE95B /* ToDosKayitViewModel.swift */,
			);
			path = ViewModel;
			sourceTree = "<group>";
		};
		0F33EA052AC618F100BFE95B /* Frameworks */ = {
			isa = PBXGroup;
			children = (
				0F33EA062AC618F100BFE95B /* libsqlite3.tbd */,
			);
			name = Frameworks;
			sourceTree = "<group>";
		};
		0F33EA1A2AC6197300BFE95B /* Entity */ = {
			isa = PBXGroup;
			children = (
				0F33EA182AC6196D00BFE95B /* ToDosModel.swift */,
			);
			path = Entity;
			sourceTree = "<group>";
		};
		0F33EA1B2AC619E400BFE95B /* repo */ = {
			isa = PBXGroup;
			children = (
				0F33EA1C2AC619FB00BFE95B /* ToDosDaoRepository.swift */,
			);
			path = repo;
			sourceTree = "<group>";
		};
/* End PBXGroup section */

/* Begin PBXNativeTarget section */
		0F33E9E22AC6129B00BFE95B /* ToDoApp */ = {
			isa = PBXNativeTarget;
			buildConfigurationList = 0F33E9F72AC6129C00BFE95B /* Build configuration list for PBXNativeTarget "ToDoApp" */;
			buildPhases = (
				0F33E9DF2AC6129B00BFE95B /* Sources */,
				0F33E9E02AC6129B00BFE95B /* Frameworks */,
				0F33E9E12AC6129B00BFE95B /* Resources */,
			);
			buildRules = (
			);
			dependencies = (
			);
			name = ToDoApp;
			packageProductDependencies = (
				0F33EA212AC61BBF00BFE95B /* RxSwift */,
			);
			productName = ToDoApp;
			productReference = 0F33E9E32AC6129B00BFE95B /* ToDoApp.app */;
			productType = "com.apple.product-type.application";
		};
/* End PBXNativeTarget section */

/* Begin PBXProject section */
		0F33E9DB2AC6129B00BFE95B /* Project object */ = {
			isa = PBXProject;
			attributes = {
				BuildIndependentTargetsInParallel = 1;
				LastSwiftUpdateCheck = 1430;
				LastUpgradeCheck = 1430;
				TargetAttributes = {
					0F33E9E22AC6129B00BFE95B = {
						CreatedOnToolsVersion = 14.3.1;
						LastSwiftMigration = 1430;
					};
				};
			};
			buildConfigurationList = 0F33E9DE2AC6129B00BFE95B /* Build configuration list for PBXProject "ToDoApp" */;
			compatibilityVersion = "Xcode 14.0";
			developmentRegion = en;
			hasScannedForEncodings = 0;
			knownRegions = (
				en,
				Base,
			);
			mainGroup = 0F33E9DA2AC6129B00BFE95B;
			packageReferences = (
				0F33EA202AC61BBF00BFE95B /* XCRemoteSwiftPackageReference "RxSwift" */,
			);
			productRefGroup = 0F33E9E42AC6129B00BFE95B /* Products */;
			projectDirPath = "";
			projectRoot = "";
			targets = (
				0F33E9E22AC6129B00BFE95B /* ToDoApp */,
			);
		};
/* End PBXProject section */

/* Begin PBXResourcesBuildPhase section */
		0F33E9E12AC6129B00BFE95B /* Resources */ = {
			isa = PBXResourcesBuildPhase;
			buildActionMask = 2147483647;
			files = (
				0F33E9F32AC6129C00BFE95B /* LaunchScreen.storyboard in Resources */,
				0F33EA1F2AC61A3100BFE95B /* toDosApp.db in Resources */,
				0F33E9F02AC6129C00BFE95B /* Assets.xcassets in Resources */,
				0F33E9EE2AC6129B00BFE95B /* Main.storyboard in Resources */,
			);
			runOnlyForDeploymentPostprocessing = 0;
		};
/* End PBXResourcesBuildPhase section */

/* Begin PBXSourcesBuildPhase section */
		0F33E9DF2AC6129B00BFE95B /* Sources */ = {
			isa = PBXSourcesBuildPhase;
			buildActionMask = 2147483647;
			files = (
				0F33E9EB2AC6129B00BFE95B /* Anasayfa.swift in Sources */,
				0F33EA042AC6169E00BFE95B /* ToDoCell.swift in Sources */,
				0F33EA262AC61CF100BFE95B /* AnasayfaViewModel.swift in Sources */,
				0F33E9E72AC6129B00BFE95B /* AppDelegate.swift in Sources */,
				0F33E9E92AC6129B00BFE95B /* SceneDelegate.swift in Sources */,
				0F33EA132AC6190100BFE95B /* FMDatabasePool.m in Sources */,
				0F33EA282AC61EBC00BFE95B /* YapilacakIsKayit.swift in Sources */,
				0F33EA1D2AC619FB00BFE95B /* ToDosDaoRepository.swift in Sources */,
				0F33EA152AC6190100BFE95B /* FMResultSet.m in Sources */,
				0F33EA002AC615D200BFE95B /* YapilacakIsDetay.swift in Sources */,
				0F33EA172AC6190100BFE95B /* FMDatabaseQueue.m in Sources */,
				0F33EA2C2AC620F900BFE95B /* ToDosKayitViewModel.swift in Sources */,
				0F33EA192AC6196D00BFE95B /* ToDosModel.swift in Sources */,
				0F33EA142AC6190100BFE95B /* FMDatabase.m in Sources */,
				0F33EA2A2AC61FA500BFE95B /* ToDosIsDetayViewModel.swift in Sources */,
				0F33EA162AC6190100BFE95B /* FMDatabaseAdditions.m in Sources */,
			);
			runOnlyForDeploymentPostprocessing = 0;
		};
/* End PBXSourcesBuildPhase section */

/* Begin PBXVariantGroup section */
		0F33E9EC2AC6129B00BFE95B /* Main.storyboard */ = {
			isa = PBXVariantGroup;
			children = (
				0F33E9ED2AC6129B00BFE95B /* Base */,
			);
			name = Main.storyboard;
			sourceTree = "<group>";
		};
		0F33E9F12AC6129C00BFE95B /* LaunchScreen.storyboard */ = {
			isa = PBXVariantGroup;
			children = (
				0F33E9F22AC6129C00BFE95B /* Base */,
			);
			name = LaunchScreen.storyboard;
			sourceTree = "<group>";
		};
/* End PBXVariantGroup section */

/* Begin XCBuildConfiguration section */
		0F33E9F52AC6129C00BFE95B /* Debug */ = {
			isa = XCBuildConfiguration;
			buildSettings = {
				ALWAYS_SEARCH_USER_PATHS = NO;
				CLANG_ANALYZER_NONNULL = YES;
				CLANG_ANALYZER_NUMBER_OBJECT_CONVERSION = YES_AGGRESSIVE;
				CLANG_CXX_LANGUAGE_STANDARD = "gnu++20";
				CLANG_ENABLE_MODULES = YES;
				CLANG_ENABLE_OBJC_ARC = YES;
				CLANG_ENABLE_OBJC_WEAK = YES;
				CLANG_WARN_BLOCK_CAPTURE_AUTORELEASING = YES;
				CLANG_WARN_BOOL_CONVERSION = YES;
				CLANG_WARN_COMMA = YES;
				CLANG_WARN_CONSTANT_CONVERSION = YES;
				CLANG_WARN_DEPRECATED_OBJC_IMPLEMENTATIONS = YES;
				CLANG_WARN_DIRECT_OBJC_ISA_USAGE = YES_ERROR;
				CLANG_WARN_DOCUMENTATION_COMMENTS = YES;
				CLANG_WARN_EMPTY_BODY = YES;
				CLANG_WARN_ENUM_CONVERSION = YES;
				CLANG_WARN_INFINITE_RECURSION = YES;
				CLANG_WARN_INT_CONVERSION = YES;
				CLANG_WARN_NON_LITERAL_NULL_CONVERSION = YES;
				CLANG_WARN_OBJC_IMPLICIT_RETAIN_SELF = YES;
				CLANG_WARN_OBJC_LITERAL_CONVERSION = YES;
				CLANG_WARN_OBJC_ROOT_CLASS = YES_ERROR;
				CLANG_WARN_QUOTED_INCLUDE_IN_FRAMEWORK_HEADER = YES;
				CLANG_WARN_RANGE_LOOP_ANALYSIS = YES;
				CLANG_WARN_STRICT_PROTOTYPES = YES;
				CLANG_WARN_SUSPICIOUS_MOVE = YES;
				CLANG_WARN_UNGUARDED_AVAILABILITY = YES_AGGRESSIVE;
				CLANG_WARN_UNREACHABLE_CODE = YES;
				CLANG_WARN__DUPLICATE_METHOD_MATCH = YES;
				COPY_PHASE_STRIP = NO;
				DEBUG_INFORMATION_FORMAT = dwarf;
				ENABLE_STRICT_OBJC_MSGSEND = YES;
				ENABLE_TESTABILITY = YES;
				GCC_C_LANGUAGE_STANDARD = gnu11;
				GCC_DYNAMIC_NO_PIC = NO;
				GCC_NO_COMMON_BLOCKS = YES;
				GCC_OPTIMIZATION_LEVEL = 0;
				GCC_PREPROCESSOR_DEFINITIONS = (
					"DEBUG=1",
					"$(inherited)",
				);
				GCC_WARN_64_TO_32_BIT_CONVERSION = YES;
				GCC_WARN_ABOUT_RETURN_TYPE = YES_ERROR;
				GCC_WARN_UNDECLARED_SELECTOR = YES;
				GCC_WARN_UNINITIALIZED_AUTOS = YES_AGGRESSIVE;
				GCC_WARN_UNUSED_FUNCTION = YES;
				GCC_WARN_UNUSED_VARIABLE = YES;
				IPHONEOS_DEPLOYMENT_TARGET = 16.4;
				MTL_ENABLE_DEBUG_INFO = INCLUDE_SOURCE;
				MTL_FAST_MATH = YES;
				ONLY_ACTIVE_ARCH = YES;
				SDKROOT = iphoneos;
				SWIFT_ACTIVE_COMPILATION_CONDITIONS = DEBUG;
				SWIFT_OPTIMIZATION_LEVEL = "-Onone";
			};
			name = Debug;
		};
		0F33E9F62AC6129C00BFE95B /* Release */ = {
			isa = XCBuildConfiguration;
			buildSettings = {
				ALWAYS_SEARCH_USER_PATHS = NO;
				CLANG_ANALYZER_NONNULL = YES;
				CLANG_ANALYZER_NUMBER_OBJECT_CONVERSION = YES_AGGRESSIVE;
				CLANG_CXX_LANGUAGE_STANDARD = "gnu++20";
				CLANG_ENABLE_MODULES = YES;
				CLANG_ENABLE_OBJC_ARC = YES;
				CLANG_ENABLE_OBJC_WEAK = YES;
				CLANG_WARN_BLOCK_CAPTURE_AUTORELEASING = YES;
				CLANG_WARN_BOOL_CONVERSION = YES;
				CLANG_WARN_COMMA = YES;
				CLANG_WARN_CONSTANT_CONVERSION = YES;
				CLANG_WARN_DEPRECATED_OBJC_IMPLEMENTATIONS = YES;
				CLANG_WARN_DIRECT_OBJC_ISA_USAGE = YES_ERROR;
				CLANG_WARN_DOCUMENTATION_COMMENTS = YES;
				CLANG_WARN_EMPTY_BODY = YES;
				CLANG_WARN_ENUM_CONVERSION = YES;
				CLANG_WARN_INFINITE_RECURSION = YES;
				CLANG_WARN_INT_CONVERSION = YES;
				CLANG_WARN_NON_LITERAL_NULL_CONVERSION = YES;
				CLANG_WARN_OBJC_IMPLICIT_RETAIN_SELF = YES;
				CLANG_WARN_OBJC_LITERAL_CONVERSION = YES;
				CLANG_WARN_OBJC_ROOT_CLASS = YES_ERROR;
				CLANG_WARN_QUOTED_INCLUDE_IN_FRAMEWORK_HEADER = YES;
				CLANG_WARN_RANGE_LOOP_ANALYSIS = YES;
				CLANG_WARN_STRICT_PROTOTYPES = YES;
				CLANG_WARN_SUSPICIOUS_MOVE = YES;
				CLANG_WARN_UNGUARDED_AVAILABILITY = YES_AGGRESSIVE;
				CLANG_WARN_UNREACHABLE_CODE = YES;
				CLANG_WARN__DUPLICATE_METHOD_MATCH = YES;
				COPY_PHASE_STRIP = NO;
				DEBUG_INFORMATION_FORMAT = "dwarf-with-dsym";
				ENABLE_NS_ASSERTIONS = NO;
				ENABLE_STRICT_OBJC_MSGSEND = YES;
				GCC_C_LANGUAGE_STANDARD = gnu11;
				GCC_NO_COMMON_BLOCKS = YES;
				GCC_WARN_64_TO_32_BIT_CONVERSION = YES;
				GCC_WARN_ABOUT_RETURN_TYPE = YES_ERROR;
				GCC_WARN_UNDECLARED_SELECTOR = YES;
				GCC_WARN_UNINITIALIZED_AUTOS = YES_AGGRESSIVE;
				GCC_WARN_UNUSED_FUNCTION = YES;
				GCC_WARN_UNUSED_VARIABLE = YES;
				IPHONEOS_DEPLOYMENT_TARGET = 16.4;
				MTL_ENABLE_DEBUG_INFO = NO;
				MTL_FAST_MATH = YES;
				SDKROOT = iphoneos;
				SWIFT_COMPILATION_MODE = wholemodule;
				SWIFT_OPTIMIZATION_LEVEL = "-O";
				VALIDATE_PRODUCT = YES;
			};
			name = Release;
		};
		0F33E9F82AC6129C00BFE95B /* Debug */ = {
			isa = XCBuildConfiguration;
			buildSettings = {
				ASSETCATALOG_COMPILER_APPICON_NAME = AppIcon;
				ASSETCATALOG_COMPILER_GLOBAL_ACCENT_COLOR_NAME = AccentColor;
				CLANG_ENABLE_MODULES = YES;
				CODE_SIGN_STYLE = Automatic;
				CURRENT_PROJECT_VERSION = 1;
				DEVELOPMENT_TEAM = GUT5CV78F7;
				GENERATE_INFOPLIST_FILE = YES;
				INFOPLIST_FILE = ToDoApp/Info.plist;
				INFOPLIST_KEY_UIApplicationSupportsIndirectInputEvents = YES;
				INFOPLIST_KEY_UILaunchStoryboardName = LaunchScreen;
				INFOPLIST_KEY_UIMainStoryboardFile = Main;
				INFOPLIST_KEY_UISupportedInterfaceOrientations_iPad = "UIInterfaceOrientationPortrait UIInterfaceOrientationPortraitUpsideDown UIInterfaceOrientationLandscapeLeft UIInterfaceOrientationLandscapeRight";
				INFOPLIST_KEY_UISupportedInterfaceOrientations_iPhone = "UIInterfaceOrientationPortrait UIInterfaceOrientationLandscapeLeft UIInterfaceOrientationLandscapeRight";
				LD_RUNPATH_SEARCH_PATHS = (
					"$(inherited)",
					"@executable_path/Frameworks",
				);
				MARKETING_VERSION = 1.0;
				PRODUCT_BUNDLE_IDENTIFIER = com.info.ToDoApp;
				PRODUCT_NAME = "$(TARGET_NAME)";
				SWIFT_EMIT_LOC_STRINGS = YES;
				SWIFT_OBJC_BRIDGING_HEADER = "ToDoApp/ToDoApp-Bridging-Header.h";
				SWIFT_OPTIMIZATION_LEVEL = "-Onone";
				SWIFT_VERSION = 5.0;
				TARGETED_DEVICE_FAMILY = "1,2";
			};
			name = Debug;
		};
		0F33E9F92AC6129C00BFE95B /* Release */ = {
			isa = XCBuildConfiguration;
			buildSettings = {
				ASSETCATALOG_COMPILER_APPICON_NAME = AppIcon;
				ASSETCATALOG_COMPILER_GLOBAL_ACCENT_COLOR_NAME = AccentColor;
				CLANG_ENABLE_MODULES = YES;
				CODE_SIGN_STYLE = Automatic;
				CURRENT_PROJECT_VERSION = 1;
				DEVELOPMENT_TEAM = GUT5CV78F7;
				GENERATE_INFOPLIST_FILE = YES;
				INFOPLIST_FILE = ToDoApp/Info.plist;
				INFOPLIST_KEY_UIApplicationSupportsIndirectInputEvents = YES;
				INFOPLIST_KEY_UILaunchStoryboardName = LaunchScreen;
				INFOPLIST_KEY_UIMainStoryboardFile = Main;
				INFOPLIST_KEY_UISupportedInterfaceOrientations_iPad = "UIInterfaceOrientationPortrait UIInterfaceOrientationPortraitUpsideDown UIInterfaceOrientationLandscapeLeft UIInterfaceOrientationLandscapeRight";
				INFOPLIST_KEY_UISupportedInterfaceOrientations_iPhone = "UIInterfaceOrientationPortrait UIInterfaceOrientationLandscapeLeft UIInterfaceOrientationLandscapeRight";
				LD_RUNPATH_SEARCH_PATHS = (
					"$(inherited)",
					"@executable_path/Frameworks",
				);
				MARKETING_VERSION = 1.0;
				PRODUCT_BUNDLE_IDENTIFIER = com.info.ToDoApp;
				PRODUCT_NAME = "$(TARGET_NAME)";
				SWIFT_EMIT_LOC_STRINGS = YES;
				SWIFT_OBJC_BRIDGING_HEADER = "ToDoApp/ToDoApp-Bridging-Header.h";
				SWIFT_VERSION = 5.0;
				TARGETED_DEVICE_FAMILY = "1,2";
			};
			name = Release;
		};
/* End XCBuildConfiguration section */

/* Begin XCConfigurationList section */
		0F33E9DE2AC6129B00BFE95B /* Build configuration list for PBXProject "ToDoApp" */ = {
			isa = XCConfigurationList;
			buildConfigurations = (
				0F33E9F52AC6129C00BFE95B /* Debug */,
				0F33E9F62AC6129C00BFE95B /* Release */,
			);
			defaultConfigurationIsVisible = 0;
			defaultConfigurationName = Release;
		};
		0F33E9F72AC6129C00BFE95B /* Build configuration list for PBXNativeTarget "ToDoApp" */ = {
			isa = XCConfigurationList;
			buildConfigurations = (
				0F33E9F82AC6129C00BFE95B /* Debug */,
				0F33E9F92AC6129C00BFE95B /* Release */,
			);
			defaultConfigurationIsVisible = 0;
			defaultConfigurationName = Release;
		};
/* End XCConfigurationList section */

/* Begin XCRemoteSwiftPackageReference section */
		0F33EA202AC61BBF00BFE95B /* XCRemoteSwiftPackageReference "RxSwift" */ = {
			isa = XCRemoteSwiftPackageReference;
			repositoryURL = "https://github.com/ReactiveX/RxSwift.git";
			requirement = {
				kind = upToNextMajorVersion;
				minimumVersion = 6.0.0;
			};
		};
/* End XCRemoteSwiftPackageReference section */

/* Begin XCSwiftPackageProductDependency section */
		0F33EA212AC61BBF00BFE95B /* RxSwift */ = {
			isa = XCSwiftPackageProductDependency;
			package = 0F33EA202AC61BBF00BFE95B /* XCRemoteSwiftPackageReference "RxSwift" */;
			productName = RxSwift;
		};
/* End XCSwiftPackageProductDependency section */
	};
	rootObject = 0F33E9DB2AC6129B00BFE95B /* Project object */;
}
